
Microsoft Visual Studio Solution File, Format Version 12.00
# Visual Studio Version 17
VisualStudioVersion = 17.5.33424.131
MinimumVisualStudioVersion = 10.0.40219.1
Project("{8BC9CEB8-8B4A-11D0-8D11-00A0C91BC942}") = "ParadigmaOOP2", "ParadigmaOOP2\ParadigmaOOP2.vcxproj", "{C9D1AF18-EAA7-4B7C-A4C9-4001CB1641DB}"
EndProject
Project("{8BC9CEB8-8B4A-11D0-8D11-00A0C91BC942}") = "solveMultiwaris", "solveMultiwaris\solveMultiwaris.vcxproj", "{8CC08FB0-19CC-4344-B0FF-700F6FD0EF36}"
EndProject
Project("{8BC9CEB8-8B4A-11D0-8D11-00A0C91BC942}") = "Polymorphism", "Polymorphism\Polymorphism.vcxproj", "{7D640B92-EF99-4315-AB39-5039364ABFC8}"
EndProject
Project("{8BC9CEB8-8B4A-11D0-8D11-00A0C91BC942}") = "Program noOverriding", "Program noOverriding\Program noOverriding.vcxproj", "{A5932661-ABB0-483A-BB17-EDD9E611D31E}"
EndProject
Global
	GlobalSection(SolutionConfigurationPlatforms) = preSolution
		Debug|x64 = Debug|x64
		Debug|x86 = Debug|x86
		Release|x64 = Release|x64
		Release|x86 = Release|x86
	EndGlobalSection
	GlobalSection(ProjectConfigurationPlatforms) = postSolution
		{C9D1AF18-EAA7-4B7C-A4C9-4001CB1641DB}.Debug|x64.ActiveCfg = Debug|x64
		{C9D1AF18-EAA7-4B7C-A4C9-4001CB1641DB}.Debug|x64.Build.0 = Debug|x64
		{C9D1AF18-EAA7-4B7C-A4C9-4001CB1641DB}.Debug|x86.ActiveCfg = Debug|Win32
		{C9D1AF18-EAA7-4B7C-A4C9-4001CB1641DB}.Debug|x86.Build.0 = Debug|Win32
		{C9D1AF18-EAA7-4B7C-A4C9-4001CB1641DB}.Release|x64.ActiveCfg = Release|x64
		{C9D1AF18-EAA7-4B7C-A4C9-4001CB1641DB}.Release|x64.Build.0 = Release|x64
		{C9D1AF18-EAA7-4B7C-A4C9-4001CB1641DB}.Release|x86.ActiveCfg = Release|Win32
		{C9D1AF18-EAA7-4B7C-A4C9-4001CB1641DB}.Release|x86.Build.0 = Release|Win32
		{8CC08FB0-19CC-4344-B0FF-700F6FD0EF36}.Debug|x64.ActiveCfg = Debug|x64
		{8CC08FB0-19CC-4344-B0FF-700F6FD0EF36}.Debug|x64.Build.0 = Debug|x64
		{8CC08FB0-19CC-4344-B0FF-700F6FD0EF36}.Debug|x86.ActiveCfg = Debug|Win32
		{8CC08FB0-19CC-4344-B0FF-700F6FD0EF36}.Debug|x86.Build.0 = Debug|Win32
		{8CC08FB0-19CC-4344-B0FF-700F6FD0EF36}.Release|x64.ActiveCfg = Release|x64
		{8CC08FB0-19CC-4344-B0FF-700F6FD0EF36}.Release|x64.Build.0 = Release|x64
		{8CC08FB0-19CC-4344-B0FF-700F6FD0EF36}.Release|x86.ActiveCfg = Release|Win32
		{8CC08FB0-19CC-4344-B0FF-700F6FD0EF36}.Release|x86.Build.0 = Release|Win32
		{7D640B92-EF99-4315-AB39-5039364ABFC8}.Debug|x64.ActiveCfg = Debug|x64
		{7D640B92-EF99-4315-AB39-5039364ABFC8}.Debug|x64.Build.0 = Debug|x64
		{7D640B92-EF99-4315-AB39-5039364ABFC8}.Debug|x86.ActiveCfg = Debug|Win32
		{7D640B92-EF99-4315-AB39-5039364ABFC8}.Debug|x86.Build.0 = Debug|Win32
		{7D640B92-EF99-4315-AB39-5039364ABFC8}.Release|x64.ActiveCfg = Release|x64
		{7D640B92-EF99-4315-AB39-5039364ABFC8}.Release|x64.Build.0 = Release|x64
		{7D640B92-EF99-4315-AB39-5039364ABFC8}.Release|x86.ActiveCfg = Release|Win32
		{7D640B92-EF99-4315-AB39-5039364ABFC8}.Release|x86.Build.0 = Release|Win32
		{A5932661-ABB0-483A-BB17-EDD9E611D31E}.Debug|x64.ActiveCfg = Debug|x64
		{A5932661-ABB0-483A-BB17-EDD9E611D31E}.Debug|x64.Build.0 = Debug|x64
		{A5932661-ABB0-483A-BB17-EDD9E611D31E}.Debug|x86.ActiveCfg = Debug|Win32
		{A5932661-ABB0-483A-BB17-EDD9E611D31E}.Debug|x86.Build.0 = Debug|Win32
		{A5932661-ABB0-483A-BB17-EDD9E611D31E}.Release|x64.ActiveCfg = Release|x64
		{A5932661-ABB0-483A-BB17-EDD9E611D31E}.Release|x64.Build.0 = Release|x64
		{A5932661-ABB0-483A-BB17-EDD9E611D31E}.Release|x86.ActiveCfg = Release|Win32
		{A5932661-ABB0-483A-BB17-EDD9E611D31E}.Release|x86.Build.0 = Release|Win32
	EndGlobalSection
	GlobalSection(SolutionProperties) = preSolution
		HideSolutionNode = FALSE
	EndGlobalSection
	GlobalSection(ExtensibilityGlobals) = postSolution
		SolutionGuid = {1346B388-70D0-4219-B536-1CC2B73AA5C0}
	EndGlobalSection
EndGlobal
